PODS:
  - AEConsole (0.3.0):
    - AELog (~> 0.3)
  - AELog (0.3.0)
  - EstimoteSDK (4.11.2)
  - Firebase/Auth (3.8.0):
    - Firebase/Core
    - FirebaseAuth (= 3.0.6)
  - Firebase/Core (3.8.0):
    - FirebaseAnalytics (= 3.5.1)
    - FirebaseCore (= 3.4.4)
  - FirebaseAnalytics (3.5.1):
    - FirebaseCore (~> 3.4)
    - FirebaseInstanceID (~> 1.0)
    - GoogleInterchangeUtilities (~> 1.2)
    - GoogleSymbolUtilities (~> 1.1)
    - GoogleToolboxForMac/NSData+zlib (~> 2.1)
  - FirebaseAuth (3.0.6):
    - FirebaseAnalytics (~> 3.4)
    - GoogleToolboxForMac/NSDictionary+URLArguments (~> 2.1)
    - GTMSessionFetcher/Core (~> 1.1)
  - FirebaseCore (3.4.4):
    - GoogleInterchangeUtilities (~> 1.2)
    - GoogleToolboxForMac/NSData+zlib (~> 2.1)
  - FirebaseInstanceID (1.0.8)
  - GoogleInterchangeUtilities (1.2.2):
    - GoogleSymbolUtilities (~> 1.1)
  - GoogleSymbolUtilities (1.1.2)
  - GoogleToolboxForMac/DebugUtils (2.1.0):
    - GoogleToolboxForMac/Defines (= 2.1.0)
  - GoogleToolboxForMac/Defines (2.1.0)
  - GoogleToolboxForMac/NSData+zlib (2.1.0):
    - GoogleToolboxForMac/Defines (= 2.1.0)
  - GoogleToolboxForMac/NSDictionary+URLArguments (2.1.0):
    - GoogleToolboxForMac/DebugUtils (= 2.1.0)
    - GoogleToolboxForMac/Defines (= 2.1.0)
    - GoogleToolboxForMac/NSString+URLArguments (= 2.1.0)
  - GoogleToolboxForMac/NSString+URLArguments (2.1.0)
  - GTMSessionFetcher/Core (1.1.7)
  - SnapKit (3.0.2)
  - SwiftDate (4.0.7)
  - Swinject (2.0.0-beta.2)

DEPENDENCIES:
  - AEConsole (~> 0.3)
  - EstimoteSDK (from `https://github.com/Estimote/iOS-SDK.git`, commit `66c9cf13467bc0f61fcf197116dadfe22e1cd10d`)
  - Firebase/Auth
  - Firebase/Core
  - SnapKit (~> 3.0.1)
  - SwiftDate (~> 4.0)
  - Swinject (~> 2.0.0-beta.2)

EXTERNAL SOURCES:
  EstimoteSDK:
    :commit: 66c9cf13467bc0f61fcf197116dadfe22e1cd10d
    :git: https://github.com/Estimote/iOS-SDK.git

CHECKOUT OPTIONS:
  EstimoteSDK:
    :commit: 66c9cf13467bc0f61fcf197116dadfe22e1cd10d
    :git: https://github.com/Estimote/iOS-SDK.git

SPEC CHECKSUMS:
  AEConsole: bde8ae8616522b88909dff1ba7a4aa6e86568e6e
  AELog: 69608a89a1d0460ad32bba73f8e1043e12764d85
  EstimoteSDK: 79e289736d75b56bbd8ecb4cf518c3a007c6fb49
  Firebase: fdbecadb7b5cbef2774852d4fa659b9daf11f2af
  FirebaseAnalytics: 6e58fc9b397664369ac7617fb0ba93fab6ba7b5b
  FirebaseAuth: 96e9674ff31d6e1f826d53e26aa003a57cab0295
  FirebaseCore: d0ed25f27b6f9158eccc439f1be6f92e81207e28
  FirebaseInstanceID: ba1e640935235e5fac39dfa816fe7660e72e1a8a
  GoogleInterchangeUtilities: d5bc4d88d5b661ab72f9d70c58d02ca8c27ad1f7
  GoogleSymbolUtilities: 631ee17048aa5e9ab133470d768ea997a5ef9b96
  GoogleToolboxForMac: 2b2596cbb7186865e98cadf2b1e262d851c2b168
  GTMSessionFetcher: a1f8ed39e4fe21c68957daed472c7afbcdf29166
  SnapKit: 2e456761aa92d4d4067a7a5594c18769d451a8ad
  SwiftDate: 0efb04a6751b1ab804049b2b09a69848cd304c12
  Swinject: 69a893192efa9f2cc44be79ef423d04d571b6af9

PODFILE CHECKSUM: 1370ee734086c7f41d96ff98ffa27c8bce8313a2

COCOAPODS: 1.0.1
