// !$*UTF8*$!
{
	archiveVersion = 1;
	classes = {
	};
	objectVersion = 46;
	objects = {

/* Begin PBXBuildFile section */
		90E8C4971C1AA2B8009304A9 /* AppDelegate.swift in Sources */ = {isa = PBXBuildFile; fileRef = 90E8C4961C1AA2B8009304A9 /* AppDelegate.swift */; };
		90E8C4991C1AA2B8009304A9 /* ViewController.swift in Sources */ = {isa = PBXBuildFile; fileRef = 90E8C4981C1AA2B8009304A9 /* ViewController.swift */; };
		90E8C49C1C1AA2B8009304A9 /* Main.storyboard in Resources */ = {isa = PBXBuildFile; fileRef = 90E8C49A1C1AA2B8009304A9 /* Main.storyboard */; };
		90E8C49E1C1AA2B8009304A9 /* Assets.xcassets in Resources */ = {isa = PBXBuildFile; fileRef = 90E8C49D1C1AA2B8009304A9 /* Assets.xcassets */; };
		90E8C4A11C1AA2B8009304A9 /* LaunchScreen.storyboard in Resources */ = {isa = PBXBuildFile; fileRef = 90E8C49F1C1AA2B8009304A9 /* LaunchScreen.storyboard */; };
		90E8C4AC1C1AA2B8009304A9 /* MemoriaTests.swift in Sources */ = {isa = PBXBuildFile; fileRef = 90E8C4AB1C1AA2B8009304A9 /* MemoriaTests.swift */; };
		90E8C4B71C1AA2B9009304A9 /* MemoriaUITests.swift in Sources */ = {isa = PBXBuildFile; fileRef = 90E8C4B61C1AA2B9009304A9 /* MemoriaUITests.swift */; };
/* End PBXBuildFile section */

/* Begin PBXContainerItemProxy section */
		90E8C4A81C1AA2B8009304A9 /* PBXContainerItemProxy */ = {
			isa = PBXContainerItemProxy;
			containerPortal = 90E8C48B1C1AA2B8009304A9 /* Project object */;
			proxyType = 1;
			remoteGlobalIDString = 90E8C4921C1AA2B8009304A9;
			remoteInfo = Memoria;
		};
		90E8C4B31C1AA2B9009304A9 /* PBXContainerItemProxy */ = {
			isa = PBXContainerItemProxy;
			containerPortal = 90E8C48B1C1AA2B8009304A9 /* Project object */;
			proxyType = 1;
			remoteGlobalIDString = 90E8C4921C1AA2B8009304A9;
			remoteInfo = Memoria;
		};
/* End PBXContainerItemProxy section */

/* Begin PBXFileReference section */
		90E8C4931C1AA2B8009304A9 /* Memoria.app */ = {isa = PBXFileReference; explicitFileType = wrapper.application; includeInIndex = 0; path = Memoria.app; sourceTree = BUILT_PRODUCTS_DIR; };
		90E8C4961C1AA2B8009304A9 /* AppDelegate.swift */ = {isa = PBXFileReference; lastKnownFileType = sourcecode.swift; path = AppDelegate.swift; sourceTree = "<group>"; };
		90E8C4981C1AA2B8009304A9 /* ViewController.swift */ = {isa = PBXFileReference; lastKnownFileType = sourcecode.swift; path = ViewController.swift; sourceTree = "<group>"; };
		90E8C49B1C1AA2B8009304A9 /* Base */ = {isa = PBXFileReference; lastKnownFileType = file.storyboard; name = Base; path = Base.lproj/Main.storyboard; sourceTree = "<group>"; };
		90E8C49D1C1AA2B8009304A9 /* Assets.xcassets */ = {isa = PBXFileReference; lastKnownFileType = folder.assetcatalog; path = Assets.xcassets; sourceTree = "<group>"; };
		90E8C4A01C1AA2B8009304A9 /* Base */ = {isa = PBXFileReference; lastKnownFileType = file.storyboard; name = Base; path = Base.lproj/LaunchScreen.storyboard; sourceTree = "<group>"; };
		90E8C4A21C1AA2B8009304A9 /* Info.plist */ = {isa = PBXFileReference; lastKnownFileType = text.plist.xml; path = Info.plist; sourceTree = "<group>"; };
		90E8C4A71C1AA2B8009304A9 /* MemoriaTests.xctest */ = {isa = PBXFileReference; explicitFileType = wrapper.cfbundle; includeInIndex = 0; path = MemoriaTests.xctest; sourceTree = BUILT_PRODUCTS_DIR; };
		90E8C4AB1C1AA2B8009304A9 /* MemoriaTests.swift */ = {isa = PBXFileReference; lastKnownFileType = sourcecode.swift; path = MemoriaTests.swift; sourceTree = "<group>"; };
		90E8C4AD1C1AA2B8009304A9 /* Info.plist */ = {isa = PBXFileReference; lastKnownFileType = text.plist.xml; path = Info.plist; sourceTree = "<group>"; };
		90E8C4B21C1AA2B9009304A9 /* MemoriaUITests.xctest */ = {isa = PBXFileReference; explicitFileType = wrapper.cfbundle; includeInIndex = 0; path = MemoriaUITests.xctest; sourceTree = BUILT_PRODUCTS_DIR; };
		90E8C4B61C1AA2B9009304A9 /* MemoriaUITests.swift */ = {isa = PBXFileReference; lastKnownFileType = sourcecode.swift; path = MemoriaUITests.swift; sourceTree = "<group>"; };
		90E8C4B81C1AA2B9009304A9 /* Info.plist */ = {isa = PBXFileReference; lastKnownFileType = text.plist.xml; path = Info.plist; sourceTree = "<group>"; };
/* End PBXFileReference section */

/* Begin PBXFrameworksBuildPhase section */
		90E8C4901C1AA2B8009304A9 /* Frameworks */ = {
			isa = PBXFrameworksBuildPhase;
			buildActionMask = 2147483647;
			files = (
			);
			runOnlyForDeploymentPostprocessing = 0;
		};
		90E8C4A41C1AA2B8009304A9 /* Frameworks */ = {
			isa = PBXFrameworksBuildPhase;
			buildActionMask = 2147483647;
			files = (
			);
			runOnlyForDeploymentPostprocessing = 0;
		};
		90E8C4AF1C1AA2B9009304A9 /* Frameworks */ = {
			isa = PBXFrameworksBuildPhase;
			buildActionMask = 2147483647;
			files = (
			);
			runOnlyForDeploymentPostprocessing = 0;
		};
/* End PBXFrameworksBuildPhase section */

/* Begin PBXGroup section */
		90E8C48A1C1AA2B8009304A9 = {
			isa = PBXGroup;
			children = (
				90E8C4951C1AA2B8009304A9 /* Memoria */,
				90E8C4AA1C1AA2B8009304A9 /* MemoriaTests */,
				90E8C4B51C1AA2B9009304A9 /* MemoriaUITests */,
				90E8C4941C1AA2B8009304A9 /* Products */,
			);
			sourceTree = "<group>";
		};
		90E8C4941C1AA2B8009304A9 /* Products */ = {
			isa = PBXGroup;
			children = (
				90E8C4931C1AA2B8009304A9 /* Memoria.app */,
				90E8C4A71C1AA2B8009304A9 /* MemoriaTests.xctest */,
				90E8C4B21C1AA2B9009304A9 /* MemoriaUITests.xctest */,
			);
			name = Products;
			sourceTree = "<group>";
		};
		90E8C4951C1AA2B8009304A9 /* Memoria */ = {
			isa = PBXGroup;
			children = (
				90E8C4961C1AA2B8009304A9 /* AppDelegate.swift */,
				90E8C4981C1AA2B8009304A9 /* ViewController.swift */,
				90E8C49A1C1AA2B8009304A9 /* Main.storyboard */,
				90E8C49D1C1AA2B8009304A9 /* Assets.xcassets */,
				90E8C49F1C1AA2B8009304A9 /* LaunchScreen.storyboard */,
				90E8C4A21C1AA2B8009304A9 /* Info.plist */,
			);
			path = Memoria;
			sourceTree = "<group>";
		};
		90E8C4AA1C1AA2B8009304A9 /* MemoriaTests */ = {
			isa = PBXGroup;
			children = (
				90E8C4AB1C1AA2B8009304A9 /* MemoriaTests.swift */,
				90E8C4AD1C1AA2B8009304A9 /* Info.plist */,
			);
			path = MemoriaTests;
			sourceTree = "<group>";
		};
		90E8C4B51C1AA2B9009304A9 /* MemoriaUITests */ = {
			isa = PBXGroup;
			children = (
				90E8C4B61C1AA2B9009304A9 /* MemoriaUITests.swift */,
				90E8C4B81C1AA2B9009304A9 /* Info.plist */,
			);
			path = MemoriaUITests;
			sourceTree = "<group>";
		};
/* End PBXGroup section */

/* Begin PBXNativeTarget section */
		90E8C4921C1AA2B8009304A9 /* Memoria */ = {
			isa = PBXNativeTarget;
			buildConfigurationList = 90E8C4BB1C1AA2B9009304A9 /* Build configuration list for PBXNativeTarget "Memoria" */;
			buildPhases = (
				90E8C48F1C1AA2B8009304A9 /* Sources */,
				90E8C4901C1AA2B8009304A9 /* Frameworks */,
				90E8C4911C1AA2B8009304A9 /* Resources */,
			);
			buildRules = (
			);
			dependencies = (
			);
			name = Memoria;
			productName = Memoria;
			productReference = 90E8C4931C1AA2B8009304A9 /* Memoria.app */;
			productType = "com.apple.product-type.application";
		};
		90E8C4A61C1AA2B8009304A9 /* MemoriaTests */ = {
			isa = PBXNativeTarget;
			buildConfigurationList = 90E8C4BE1C1AA2B9009304A9 /* Build configuration list for PBXNativeTarget "MemoriaTests" */;
			buildPhases = (
				90E8C4A31C1AA2B8009304A9 /* Sources */,
				90E8C4A41C1AA2B8009304A9 /* Frameworks */,
				90E8C4A51C1AA2B8009304A9 /* Resources */,
			);
			buildRules = (
			);
			dependencies = (
				90E8C4A91C1AA2B8009304A9 /* PBXTargetDependency */,
			);
			name = MemoriaTests;
			productName = MemoriaTests;
			productReference = 90E8C4A71C1AA2B8009304A9 /* MemoriaTests.xctest */;
			productType = "com.apple.product-type.bundle.unit-test";
		};
		90E8C4B11C1AA2B9009304A9 /* MemoriaUITests */ = {
			isa = PBXNativeTarget;
			buildConfigurationList = 90E8C4C11C1AA2B9009304A9 /* Build configuration list for PBXNativeTarget "MemoriaUITests" */;
			buildPhases = (
				90E8C4AE1C1AA2B9009304A9 /* Sources */,
				90E8C4AF1C1AA2B9009304A9 /* Frameworks */,
				90E8C4B01C1AA2B9009304A9 /* Resources */,
			);
			buildRules = (
			);
			dependencies = (
				90E8C4B41C1AA2B9009304A9 /* PBXTargetDependency */,
			);
			name = MemoriaUITests;
			productName = MemoriaUITests;
			productReference = 90E8C4B21C1AA2B9009304A9 /* MemoriaUITests.xctest */;
			productType = "com.apple.product-type.bundle.ui-testing";
		};
/* End PBXNativeTarget section */

/* Begin PBXProject section */
		90E8C48B1C1AA2B8009304A9 /* Project object */ = {
			isa = PBXProject;
			attributes = {
				LastUpgradeCheck = 0700;
				ORGANIZATIONNAME = MACMatan;
				TargetAttributes = {
					90E8C4921C1AA2B8009304A9 = {
						CreatedOnToolsVersion = 7.0.1;
					};
					90E8C4A61C1AA2B8009304A9 = {
						CreatedOnToolsVersion = 7.0.1;
						TestTargetID = 90E8C4921C1AA2B8009304A9;
					};
					90E8C4B11C1AA2B9009304A9 = {
						CreatedOnToolsVersion = 7.0.1;
						TestTargetID = 90E8C4921C1AA2B8009304A9;
					};
				};
			};
			buildConfigurationList = 90E8C48E1C1AA2B8009304A9 /* Build configuration list for PBXProject "Memoria" */;
			compatibilityVersion = "Xcode 3.2";
			developmentRegion = English;
			hasScannedForEncodings = 0;
			knownRegions = (
				en,
				Base,
			);
			mainGroup = 90E8C48A1C1AA2B8009304A9;
			productRefGroup = 90E8C4941C1AA2B8009304A9 /* Products */;
			projectDirPath = "";
			projectRoot = "";
			targets = (
				90E8C4921C1AA2B8009304A9 /* Memoria */,
				90E8C4A61C1AA2B8009304A9 /* MemoriaTests */,
				90E8C4B11C1AA2B9009304A9 /* MemoriaUITests */,
			);
		};
/* End PBXProject section */

/* Begin PBXResourcesBuildPhase section */
		90E8C4911C1AA2B8009304A9 /* Resources */ = {
			isa = PBXResourcesBuildPhase;
			buildActionMask = 2147483647;
			files = (
				90E8C4A11C1AA2B8009304A9 /* LaunchScreen.storyboard in Resources */,
				90E8C49E1C1AA2B8009304A9 /* Assets.xcassets in Resources */,
				90E8C49C1C1AA2B8009304A9 /* Main.storyboard in Resources */,
			);
			runOnlyForDeploymentPostprocessing = 0;
		};
		90E8C4A51C1AA2B8009304A9 /* Resources */ = {
			isa = PBXResourcesBuildPhase;
			buildActionMask = 2147483647;
			files = (
			);
			runOnlyForDeploymentPostprocessing = 0;
		};
		90E8C4B01C1AA2B9009304A9 /* Resources */ = {
			isa = PBXResourcesBuildPhase;
			buildActionMask = 2147483647;
			files = (
			);
			runOnlyForDeploymentPostprocessing = 0;
		};
/* End PBXResourcesBuildPhase section */

/* Begin PBXSourcesBuildPhase section */
		90E8C48F1C1AA2B8009304A9 /* Sources */ = {
			isa = PBXSourcesBuildPhase;
			buildActionMask = 2147483647;
			files = (
				90E8C4991C1AA2B8009304A9 /* ViewController.swift in Sources */,
				90E8C4971C1AA2B8009304A9 /* AppDelegate.swift in Sources */,
			);
			runOnlyForDeploymentPostprocessing = 0;
		};
		90E8C4A31C1AA2B8009304A9 /* Sources */ = {
			isa = PBXSourcesBuildPhase;
			buildActionMask = 2147483647;
			files = (
				90E8C4AC1C1AA2B8009304A9 /* MemoriaTests.swift in Sources */,
			);
			runOnlyForDeploymentPostprocessing = 0;
		};
		90E8C4AE1C1AA2B9009304A9 /* Sources */ = {
			isa = PBXSourcesBuildPhase;
			buildActionMask = 2147483647;
			files = (
				90E8C4B71C1AA2B9009304A9 /* MemoriaUITests.swift in Sources */,
			);
			runOnlyForDeploymentPostprocessing = 0;
		};
/* End PBXSourcesBuildPhase section */

/* Begin PBXTargetDependency section */
		90E8C4A91C1AA2B8009304A9 /* PBXTargetDependency */ = {
			isa = PBXTargetDependency;
			target = 90E8C4921C1AA2B8009304A9 /* Memoria */;
			targetProxy = 90E8C4A81C1AA2B8009304A9 /* PBXContainerItemProxy */;
		};
		90E8C4B41C1AA2B9009304A9 /* PBXTargetDependency */ = {
			isa = PBXTargetDependency;
			target = 90E8C4921C1AA2B8009304A9 /* Memoria */;
			targetProxy = 90E8C4B31C1AA2B9009304A9 /* PBXContainerItemProxy */;
		};
/* End PBXTargetDependency section */

/* Begin PBXVariantGroup section */
		90E8C49A1C1AA2B8009304A9 /* Main.storyboard */ = {
			isa = PBXVariantGroup;
			children = (
				90E8C49B1C1AA2B8009304A9 /* Base */,
			);
			name = Main.storyboard;
			sourceTree = "<group>";
		};
		90E8C49F1C1AA2B8009304A9 /* LaunchScreen.storyboard */ = {
			isa = PBXVariantGroup;
			children = (
				90E8C4A01C1AA2B8009304A9 /* Base */,
			);
			name = LaunchScreen.storyboard;
			sourceTree = "<group>";
		};
/* End PBXVariantGroup section */

/* Begin XCBuildConfiguration section */
		90E8C4B91C1AA2B9009304A9 /* Debug */ = {
			isa = XCBuildConfiguration;
			buildSettings = {
				ALWAYS_SEARCH_USER_PATHS = NO;
				CLANG_CXX_LANGUAGE_STANDARD = "gnu++0x";
				CLANG_CXX_LIBRARY = "libc++";
				CLANG_ENABLE_MODULES = YES;
				CLANG_ENABLE_OBJC_ARC = YES;
				CLANG_WARN_BOOL_CONVERSION = YES;
				CLANG_WARN_CONSTANT_CONVERSION = YES;
				CLANG_WARN_DIRECT_OBJC_ISA_USAGE = YES_ERROR;
				CLANG_WARN_EMPTY_BODY = YES;
				CLANG_WARN_ENUM_CONVERSION = YES;
				CLANG_WARN_INT_CONVERSION = YES;
				CLANG_WARN_OBJC_ROOT_CLASS = YES_ERROR;
				CLANG_WARN_UNREACHABLE_CODE = YES;
				CLANG_WARN__DUPLICATE_METHOD_MATCH = YES;
				"CODE_SIGN_IDENTITY[sdk=iphoneos*]" = "iPhone Developer";
				COPY_PHASE_STRIP = NO;
				DEBUG_INFORMATION_FORMAT = dwarf;
				ENABLE_STRICT_OBJC_MSGSEND = YES;
				ENABLE_TESTABILITY = YES;
				GCC_C_LANGUAGE_STANDARD = gnu99;
				GCC_DYNAMIC_NO_PIC = NO;
				GCC_NO_COMMON_BLOCKS = YES;
				GCC_OPTIMIZATION_LEVEL = 0;
				GCC_PREPROCESSOR_DEFINITIONS = (
					"DEBUG=1",
					"$(inherited)",
				);
				GCC_WARN_64_TO_32_BIT_CONVERSION = YES;
				GCC_WARN_ABOUT_RETURN_TYPE = YES_ERROR;
				GCC_WARN_UNDECLARED_SELECTOR = YES;
				GCC_WARN_UNINITIALIZED_AUTOS = YES_AGGRESSIVE;
				GCC_WARN_UNUSED_FUNCTION = YES;
				GCC_WARN_UNUSED_VARIABLE = YES;
				IPHONEOS_DEPLOYMENT_TARGET = 9.0;
				MTL_ENABLE_DEBUG_INFO = YES;
				ONLY_ACTIVE_ARCH = YES;
				SDKROOT = iphoneos;
				SWIFT_OPTIMIZATION_LEVEL = "-Onone";
			};
			name = Debug;
		};
		90E8C4BA1C1AA2B9009304A9 /* Release */ = {
			isa = XCBuildConfiguration;
			buildSettings = {
				ALWAYS_SEARCH_USER_PATHS = NO;
				CLANG_CXX_LANGUAGE_STANDARD = "gnu++0x";
				CLANG_CXX_LIBRARY = "libc++";
				CLANG_ENABLE_MODULES = YES;
				CLANG_ENABLE_OBJC_ARC = YES;
				CLANG_WARN_BOOL_CONVERSION = YES;
				CLANG_WARN_CONSTANT_CONVERSION = YES;
				CLANG_WARN_DIRECT_OBJC_ISA_USAGE = YES_ERROR;
				CLANG_WARN_EMPTY_BODY = YES;
				CLANG_WARN_ENUM_CONVERSION = YES;
				CLANG_WARN_INT_CONVERSION = YES;
				CLANG_WARN_OBJC_ROOT_CLASS = YES_ERROR;
				CLANG_WARN_UNREACHABLE_CODE = YES;
				CLANG_WARN__DUPLICATE_METHOD_MATCH = YES;
				"CODE_SIGN_IDENTITY[sdk=iphoneos*]" = "iPhone Developer";
				COPY_PHASE_STRIP = NO;
				DEBUG_INFORMATION_FORMAT = "dwarf-with-dsym";
				ENABLE_NS_ASSERTIONS = NO;
				ENABLE_STRICT_OBJC_MSGSEND = YES;
				GCC_C_LANGUAGE_STANDARD = gnu99;
				GCC_NO_COMMON_BLOCKS = YES;
				GCC_WARN_64_TO_32_BIT_CONVERSION = YES;
				GCC_WARN_ABOUT_RETURN_TYPE = YES_ERROR;
				GCC_WARN_UNDECLARED_SELECTOR = YES;
				GCC_WARN_UNINITIALIZED_AUTOS = YES_AGGRESSIVE;
				GCC_WARN_UNUSED_FUNCTION = YES;
				GCC_WARN_UNUSED_VARIABLE = YES;
				IPHONEOS_DEPLOYMENT_TARGET = 9.0;
				MTL_ENABLE_DEBUG_INFO = NO;
				SDKROOT = iphoneos;
				VALIDATE_PRODUCT = YES;
			};
			name = Release;
		};
		90E8C4BC1C1AA2B9009304A9 /* Debug */ = {
			isa = XCBuildConfiguration;
			buildSettings = {
				ASSETCATALOG_COMPILER_APPICON_NAME = AppIcon;
				INFOPLIST_FILE = Memoria/Info.plist;
				LD_RUNPATH_SEARCH_PATHS = "$(inherited) @executable_path/Frameworks";
				PRODUCT_BUNDLE_IDENTIFIER = com.MACApps.com.Memoria;
				PRODUCT_NAME = "$(TARGET_NAME)";
			};
			name = Debug;
		};
		90E8C4BD1C1AA2B9009304A9 /* Release */ = {
			isa = XCBuildConfiguration;
			buildSettings = {
				ASSETCATALOG_COMPILER_APPICON_NAME = AppIcon;
				INFOPLIST_FILE = Memoria/Info.plist;
				LD_RUNPATH_SEARCH_PATHS = "$(inherited) @executable_path/Frameworks";
				PRODUCT_BUNDLE_IDENTIFIER = com.MACApps.com.Memoria;
				PRODUCT_NAME = "$(TARGET_NAME)";
			};
			name = Release;
		};
		90E8C4BF1C1AA2B9009304A9 /* Debug */ = {
			isa = XCBuildConfiguration;
			buildSettings = {
				BUNDLE_LOADER = "$(TEST_HOST)";
				INFOPLIST_FILE = MemoriaTests/Info.plist;
				LD_RUNPATH_SEARCH_PATHS = "$(inherited) @executable_path/Frameworks @loader_path/Frameworks";
				PRODUCT_BUNDLE_IDENTIFIER = com.MACApps.com.MemoriaTests;
				PRODUCT_NAME = "$(TARGET_NAME)";
				TEST_HOST = "$(BUILT_PRODUCTS_DIR)/Memoria.app/Memoria";
			};
			name = Debug;
		};
		90E8C4C01C1AA2B9009304A9 /* Release */ = {
			isa = XCBuildConfiguration;
			buildSettings = {
				BUNDLE_LOADER = "$(TEST_HOST)";
				INFOPLIST_FILE = MemoriaTests/Info.plist;
				LD_RUNPATH_SEARCH_PATHS = "$(inherited) @executable_path/Frameworks @loader_path/Frameworks";
				PRODUCT_BUNDLE_IDENTIFIER = com.MACApps.com.MemoriaTests;
				PRODUCT_NAME = "$(TARGET_NAME)";
				TEST_HOST = "$(BUILT_PRODUCTS_DIR)/Memoria.app/Memoria";
			};
			name = Release;
		};
		90E8C4C21C1AA2B9009304A9 /* Debug */ = {
			isa = XCBuildConfiguration;
			buildSettings = {
				INFOPLIST_FILE = MemoriaUITests/Info.plist;
				LD_RUNPATH_SEARCH_PATHS = "$(inherited) @executable_path/Frameworks @loader_path/Frameworks";
				PRODUCT_BUNDLE_IDENTIFIER = com.MACApps.com.MemoriaUITests;
				PRODUCT_NAME = "$(TARGET_NAME)";
				TEST_TARGET_NAME = Memoria;
				USES_XCTRUNNER = YES;
			};
			name = Debug;
		};
		90E8C4C31C1AA2B9009304A9 /* Release */ = {
			isa = XCBuildConfiguration;
			buildSettings = {
				INFOPLIST_FILE = MemoriaUITests/Info.plist;
				LD_RUNPATH_SEARCH_PATHS = "$(inherited) @executable_path/Frameworks @loader_path/Frameworks";
				PRODUCT_BUNDLE_IDENTIFIER = com.MACApps.com.MemoriaUITests;
				PRODUCT_NAME = "$(TARGET_NAME)";
				TEST_TARGET_NAME = Memoria;
				USES_XCTRUNNER = YES;
			};
			name = Release;
		};
/* End XCBuildConfiguration section */

/* Begin XCConfigurationList section */
		90E8C48E1C1AA2B8009304A9 /* Build configuration list for PBXProject "Memoria" */ = {
			isa = XCConfigurationList;
			buildConfigurations = (
				90E8C4B91C1AA2B9009304A9 /* Debug */,
				90E8C4BA1C1AA2B9009304A9 /* Release */,
			);
			defaultConfigurationIsVisible = 0;
			defaultConfigurationName = Release;
		};
		90E8C4BB1C1AA2B9009304A9 /* Build configuration list for PBXNativeTarget "Memoria" */ = {
			isa = XCConfigurationList;
			buildConfigurations = (
				90E8C4BC1C1AA2B9009304A9 /* Debug */,
				90E8C4BD1C1AA2B9009304A9 /* Release */,
			);
			defaultConfigurationIsVisible = 0;
		};
		90E8C4BE1C1AA2B9009304A9 /* Build configuration list for PBXNativeTarget "MemoriaTests" */ = {
			isa = XCConfigurationList;
			buildConfigurations = (
				90E8C4BF1C1AA2B9009304A9 /* Debug */,
				90E8C4C01C1AA2B9009304A9 /* Release */,
			);
			defaultConfigurationIsVisible = 0;
		};
		90E8C4C11C1AA2B9009304A9 /* Build configuration list for PBXNativeTarget "MemoriaUITests" */ = {
			isa = XCConfigurationList;
			buildConfigurations = (
				90E8C4C21C1AA2B9009304A9 /* Debug */,
				90E8C4C31C1AA2B9009304A9 /* Release */,
			);
			defaultConfigurationIsVisible = 0;
		};
/* End XCConfigurationList section */
	};
	rootObject = 90E8C48B1C1AA2B8009304A9 /* Project object */;
}
